Microsoft Visual Studio Solution File, Format Version 12.00
# Visual Studio Version 17
VisualStudioVersion = 17.5.2.0
MinimumVisualStudioVersion = 10.0.40219.1
Project("{FAE04EC0-301F-11D3-BF4B-00C04F79EFBC}") = "DevOpsWebhookAPI", "DevOpsWebhookAPI\DevOpsWebhookAPI.csproj", "{5E4E2814-6C92-8808-0E76-2254185BA759}"
EndProject
Global
	GlobalSection(SolutionConfigurationPlatforms) = preSolution
		Debug|Any CPU = Debug|Any CPU
		Release|Any CPU = Release|Any CPU
	EndGlobalSection
	GlobalSection(ProjectConfigurationPlatforms) = postSolution
		{5E4E2814-6C92-8808-0E76-2254185BA759}.Debug|Any CPU.ActiveCfg = Debug|Any CPU
		{5E4E2814-6C92-8808-0E76-2254185BA759}.Debug|Any CPU.Build.0 = Debug|Any CPU
		{5E4E2814-6C92-8808-0E76-2254185BA759}.Release|Any CPU.ActiveCfg = Release|Any CPU
		{5E4E2814-6C92-8808-0E76-2254185BA759}.Release|Any CPU.Build.0 = Release|Any CPU
	EndGlobalSection
	GlobalSection(SolutionProperties) = preSolution
		HideSolutionNode = FALSE
	EndGlobalSection
	GlobalSection(ExtensibilityGlobals) = postSolution
		SolutionGuid = {5C1304D5-EB89-4485-8734-786FA2482DAA}
	EndGlobalSection
EndGlobal
